
Microsoft Visual Studio Solution File, Format Version 12.00
# Visual Studio Version 17
VisualStudioVersion = 17.14.37111.16
MinimumVisualStudioVersion = 10.0.40219.1
Project("{FAE04EC0-301F-11D3-BF4B-00C04F79EFBC}") = "MYBtkAkademiBlog.WebApi", "MYBtkAkademiBlog.WebApi\MYBtkAkademiBlog.WebApi.csproj", "{BC91A286-567B-4CE5-8243-9EAD712D81EF}"
EndProject
Project("{FAE04EC0-301F-11D3-BF4B-00C04F79EFBC}") = "MYBtkAkademiBlog.WebUI", "MYBtkAkademiBlog.WebUI\MYBtkAkademiBlog.WebUI.csproj", "{D4128E4F-3CE8-468A-A038-20B483FDF48A}"
EndProject
Global
	GlobalSection(SolutionConfigurationPlatforms) = preSolution
		Debug|Any CPU = Debug|Any CPU
		Release|Any CPU = Release|Any CPU
	EndGlobalSection
	GlobalSection(ProjectConfigurationPlatforms) = postSolution
		{BC91A286-567B-4CE5-8243-9EAD712D81EF}.Debug|Any CPU.ActiveCfg = Debug|Any CPU
		{BC91A286-567B-4CE5-8243-9EAD712D81EF}.Debug|Any CPU.Build.0 = Debug|Any CPU
		{BC91A286-567B-4CE5-8243-9EAD712D81EF}.Release|Any CPU.ActiveCfg = Release|Any CPU
		{BC91A286-567B-4CE5-8243-9EAD712D81EF}.Release|Any CPU.Build.0 = Release|Any CPU
		{D4128E4F-3CE8-468A-A038-20B483FDF48A}.Debug|Any CPU.ActiveCfg = Debug|Any CPU
		{D4128E4F-3CE8-468A-A038-20B483FDF48A}.Debug|Any CPU.Build.0 = Debug|Any CPU
		{D4128E4F-3CE8-468A-A038-20B483FDF48A}.Release|Any CPU.ActiveCfg = Release|Any CPU
		{D4128E4F-3CE8-468A-A038-20B483FDF48A}.Release|Any CPU.Build.0 = Release|Any CPU
	EndGlobalSection
	GlobalSection(SolutionProperties) = preSolution
		HideSolutionNode = FALSE
	EndGlobalSection
	GlobalSection(ExtensibilityGlobals) = postSolution
		SolutionGuid = {37A3A723-41F1-4391-8192-C40AA575B649}
	EndGlobalSection
EndGlobal
